
Microsoft Visual Studio Solution File, Format Version 12.00
# Visual Studio Version 17
VisualStudioVersion = 17.7.34009.444
MinimumVisualStudioVersion = 10.0.40219.1
Project("{FAE04EC0-301F-11D3-BF4B-00C04F79EFBC}") = "page_with_products", "page_with_products.csproj", "{2602A124-C92A-4203-8490-42E0BCEC6FA6}"
EndProject
Global
	GlobalSection(SolutionConfigurationPlatforms) = preSolution
		Debug|Any CPU = Debug|Any CPU
		Release|Any CPU = Release|Any CPU
	EndGlobalSection
	GlobalSection(ProjectConfigurationPlatforms) = postSolution
		{2602A124-C92A-4203-8490-42E0BCEC6FA6}.Debug|Any CPU.ActiveCfg = Debug|Any CPU
		{2602A124-C92A-4203-8490-42E0BCEC6FA6}.Debug|Any CPU.Build.0 = Debug|Any CPU
		{2602A124-C92A-4203-8490-42E0BCEC6FA6}.Release|Any CPU.ActiveCfg = Release|Any CPU
		{2602A124-C92A-4203-8490-42E0BCEC6FA6}.Release|Any CPU.Build.0 = Release|Any CPU
	EndGlobalSection
	GlobalSection(SolutionProperties) = preSolution
		HideSolutionNode = FALSE
	EndGlobalSection
	GlobalSection(ExtensibilityGlobals) = postSolution
		SolutionGuid = {CAB8CD5C-D6E2-4C6B-896D-146362B3B396}
	EndGlobalSection
EndGlobal
